
Microsoft Visual Studio Solution File, Format Version 12.00
# Visual Studio Version 17
VisualStudioVersion = 17.3.32922.545
MinimumVisualStudioVersion = 10.0.40219.1
Project("{FAE04EC0-301F-11D3-BF4B-00C04F79EFBC}") = "AquaApp.Android", "AquaApp\AquaApp.Android\AquaApp.Android.csproj", "{63E65954-052B-49AA-AD93-B82865D65B1B}"
EndProject
Project("{FAE04EC0-301F-11D3-BF4B-00C04F79EFBC}") = "AquaApp.iOS", "AquaApp\AquaApp.iOS\AquaApp.iOS.csproj", "{37F71297-B592-4CF2-AF6C-33F9CC7D1786}"
EndProject
Project("{FAE04EC0-301F-11D3-BF4B-00C04F79EFBC}") = "AquaApp", "AquaApp\AquaApp\AquaApp.csproj", "{8F9B3BB6-3047-4A2F-8BD7-5306FF95C7D3}"
EndProject
Global
	GlobalSection(SolutionConfigurationPlatforms) = preSolution
		Debug|Any CPU = Debug|Any CPU
		Debug|iPhone = Debug|iPhone
		Debug|iPhoneSimulator = Debug|iPhoneSimulator
		Release|Any CPU = Release|Any CPU
		Release|iPhone = Release|iPhone
		Release|iPhoneSimulator = Release|iPhoneSimulator
	EndGlobalSection
	GlobalSection(ProjectConfigurationPlatforms) = postSolution
		{63E65954-052B-49AA-AD93-B82865D65B1B}.Debug|Any CPU.ActiveCfg = Debug|Any CPU
		{63E65954-052B-49AA-AD93-B82865D65B1B}.Debug|Any CPU.Build.0 = Debug|Any CPU
		{63E65954-052B-49AA-AD93-B82865D65B1B}.Debug|Any CPU.Deploy.0 = Debug|Any CPU
		{63E65954-052B-49AA-AD93-B82865D65B1B}.Debug|iPhone.ActiveCfg = Debug|Any CPU
		{63E65954-052B-49AA-AD93-B82865D65B1B}.Debug|iPhone.Build.0 = Debug|Any CPU
		{63E65954-052B-49AA-AD93-B82865D65B1B}.Debug|iPhone.Deploy.0 = Debug|Any CPU
		{63E65954-052B-49AA-AD93-B82865D65B1B}.Debug|iPhoneSimulator.ActiveCfg = Debug|Any CPU
		{63E65954-052B-49AA-AD93-B82865D65B1B}.Debug|iPhoneSimulator.Build.0 = Debug|Any CPU
		{63E65954-052B-49AA-AD93-B82865D65B1B}.Debug|iPhoneSimulator.Deploy.0 = Debug|Any CPU
		{63E65954-052B-49AA-AD93-B82865D65B1B}.Release|Any CPU.ActiveCfg = Release|Any CPU
		{63E65954-052B-49AA-AD93-B82865D65B1B}.Release|Any CPU.Build.0 = Release|Any CPU
		{63E65954-052B-49AA-AD93-B82865D65B1B}.Release|Any CPU.Deploy.0 = Release|Any CPU
		{63E65954-052B-49AA-AD93-B82865D65B1B}.Release|iPhone.ActiveCfg = Release|Any CPU
		{63E65954-052B-49AA-AD93-B82865D65B1B}.Release|iPhone.Build.0 = Release|Any CPU
		{63E65954-052B-49AA-AD93-B82865D65B1B}.Release|iPhone.Deploy.0 = Release|Any CPU
		{63E65954-052B-49AA-AD93-B82865D65B1B}.Release|iPhoneSimulator.ActiveCfg = Release|Any CPU
		{63E65954-052B-49AA-AD93-B82865D65B1B}.Release|iPhoneSimulator.Build.0 = Release|Any CPU
		{63E65954-052B-49AA-AD93-B82865D65B1B}.Release|iPhoneSimulator.Deploy.0 = Release|Any CPU
		{37F71297-B592-4CF2-AF6C-33F9CC7D1786}.Debug|Any CPU.ActiveCfg = Debug|iPhone
		{37F71297-B592-4CF2-AF6C-33F9CC7D1786}.Debug|Any CPU.Build.0 = Debug|iPhone
		{37F71297-B592-4CF2-AF6C-33F9CC7D1786}.Debug|Any CPU.Deploy.0 = Debug|iPhone
		{37F71297-B592-4CF2-AF6C-33F9CC7D1786}.Debug|iPhone.ActiveCfg = Debug|iPhone
		{37F71297-B592-4CF2-AF6C-33F9CC7D1786}.Debug|iPhone.Build.0 = Debug|iPhone
		{37F71297-B592-4CF2-AF6C-33F9CC7D1786}.Debug|iPhone.Deploy.0 = Debug|iPhone
		{37F71297-B592-4CF2-AF6C-33F9CC7D1786}.Debug|iPhoneSimulator.ActiveCfg = Debug|iPhoneSimulator
		{37F71297-B592-4CF2-AF6C-33F9CC7D1786}.Debug|iPhoneSimulator.Build.0 = Debug|iPhoneSimulator
		{37F71297-B592-4CF2-AF6C-33F9CC7D1786}.Debug|iPhoneSimulator.Deploy.0 = Debug|iPhoneSimulator
		{37F71297-B592-4CF2-AF6C-33F9CC7D1786}.Release|Any CPU.ActiveCfg = Release|iPhoneSimulator
		{37F71297-B592-4CF2-AF6C-33F9CC7D1786}.Release|Any CPU.Build.0 = Release|iPhoneSimulator
		{37F71297-B592-4CF2-AF6C-33F9CC7D1786}.Release|Any CPU.Deploy.0 = Release|iPhoneSimulator
		{37F71297-B592-4CF2-AF6C-33F9CC7D1786}.Release|iPhone.ActiveCfg = Release|iPhone
		{37F71297-B592-4CF2-AF6C-33F9CC7D1786}.Release|iPhone.Build.0 = Release|iPhone
		{37F71297-B592-4CF2-AF6C-33F9CC7D1786}.Release|iPhone.Deploy.0 = Release|iPhone
		{37F71297-B592-4CF2-AF6C-33F9CC7D1786}.Release|iPhoneSimulator.ActiveCfg = Release|iPhoneSimulator
		{37F71297-B592-4CF2-AF6C-33F9CC7D1786}.Release|iPhoneSimulator.Build.0 = Release|iPhoneSimulator
		{37F71297-B592-4CF2-AF6C-33F9CC7D1786}.Release|iPhoneSimulator.Deploy.0 = Release|iPhoneSimulator
		{8F9B3BB6-3047-4A2F-8BD7-5306FF95C7D3}.Debug|Any CPU.ActiveCfg = Debug|Any CPU
		{8F9B3BB6-3047-4A2F-8BD7-5306FF95C7D3}.Debug|Any CPU.Build.0 = Debug|Any CPU
		{8F9B3BB6-3047-4A2F-8BD7-5306FF95C7D3}.Debug|Any CPU.Deploy.0 = Debug|Any CPU
		{8F9B3BB6-3047-4A2F-8BD7-5306FF95C7D3}.Debug|iPhone.ActiveCfg = Debug|Any CPU
		{8F9B3BB6-3047-4A2F-8BD7-5306FF95C7D3}.Debug|iPhone.Build.0 = Debug|Any CPU
		{8F9B3BB6-3047-4A2F-8BD7-5306FF95C7D3}.Debug|iPhone.Deploy.0 = Debug|Any CPU
		{8F9B3BB6-3047-4A2F-8BD7-5306FF95C7D3}.Debug|iPhoneSimulator.ActiveCfg = Debug|Any CPU
		{8F9B3BB6-3047-4A2F-8BD7-5306FF95C7D3}.Debug|iPhoneSimulator.Build.0 = Debug|Any CPU
		{8F9B3BB6-3047-4A2F-8BD7-5306FF95C7D3}.Debug|iPhoneSimulator.Deploy.0 = Debug|Any CPU
		{8F9B3BB6-3047-4A2F-8BD7-5306FF95C7D3}.Release|Any CPU.ActiveCfg = Release|Any CPU
		{8F9B3BB6-3047-4A2F-8BD7-5306FF95C7D3}.Release|Any CPU.Build.0 = Release|Any CPU
		{8F9B3BB6-3047-4A2F-8BD7-5306FF95C7D3}.Release|Any CPU.Deploy.0 = Release|Any CPU
		{8F9B3BB6-3047-4A2F-8BD7-5306FF95C7D3}.Release|iPhone.ActiveCfg = Release|Any CPU
		{8F9B3BB6-3047-4A2F-8BD7-5306FF95C7D3}.Release|iPhone.Build.0 = Release|Any CPU
		{8F9B3BB6-3047-4A2F-8BD7-5306FF95C7D3}.Release|iPhone.Deploy.0 = Release|Any CPU
		{8F9B3BB6-3047-4A2F-8BD7-5306FF95C7D3}.Release|iPhoneSimulator.ActiveCfg = Release|Any CPU
		{8F9B3BB6-3047-4A2F-8BD7-5306FF95C7D3}.Release|iPhoneSimulator.Build.0 = Release|Any CPU
		{8F9B3BB6-3047-4A2F-8BD7-5306FF95C7D3}.Release|iPhoneSimulator.Deploy.0 = Release|Any CPU
	EndGlobalSection
	GlobalSection(SolutionProperties) = preSolution
		HideSolutionNode = FALSE
	EndGlobalSection
	GlobalSection(ExtensibilityGlobals) = postSolution
		SolutionGuid = {A3B8CE90-BA8C-4C1A-A178-C8CFA77E0F93}
	EndGlobalSection
EndGlobal
